
Microsoft Visual Studio Solution File, Format Version 12.00
# Visual Studio 15
VisualStudioVersion = 15.0.26124.0
MinimumVisualStudioVersion = 15.0.26124.0
Project("{2150E333-8FDC-42A3-9474-1A3956D46DE8}") = "src", "src", "{03709602-FBD7-448A-892F-2B801B19FEFA}"
EndProject
Project("{FAE04EC0-301F-11D3-BF4B-00C04F79EFBC}") = "FooLib", "src\FooLib\FooLib.csproj", "{940F0C58-5F8B-4D5C-8A1B-747B31B5251B}"
EndProject
Project("{2150E333-8FDC-42A3-9474-1A3956D46DE8}") = "test", "test", "{E7C57B3E-E6B7-4681-A3D5-AA90BECFC56E}"
EndProject
Project("{FAE04EC0-301F-11D3-BF4B-00C04F79EFBC}") = "FooLibTests", "test\FooLibTests\FooLibTests.csproj", "{75508035-569F-4CB2-B2C0-3116D46AA410}"
EndProject
Project("{2150E333-8FDC-42A3-9474-1A3956D46DE8}") = "solution files", "solution files", "{7043B7CF-406E-49DA-B4C7-2BF0A153A1AC}"
	ProjectSection(SolutionItems) = preProject
		.azure-develop-pipeline.yml = .azure-develop-pipeline.yml
		.azure-release-pipeline.yml = .azure-release-pipeline.yml
		.azure-default-pipeline.yml = .azure-default-pipeline.yml
	EndProjectSection
EndProject
Project("{FAE04EC0-301F-11D3-BF4B-00C04F79EFBC}") = "Integration", "test\Integration\Integration.csproj", "{3FE058CC-1625-41FC-B35E-27C31D509BC2}"
EndProject
Global
	GlobalSection(SolutionConfigurationPlatforms) = preSolution
		Debug|Any CPU = Debug|Any CPU
		Debug|x64 = Debug|x64
		Debug|x86 = Debug|x86
		Release|Any CPU = Release|Any CPU
		Release|x64 = Release|x64
		Release|x86 = Release|x86
	EndGlobalSection
	GlobalSection(SolutionProperties) = preSolution
		HideSolutionNode = FALSE
	EndGlobalSection
	GlobalSection(ProjectConfigurationPlatforms) = postSolution
		{940F0C58-5F8B-4D5C-8A1B-747B31B5251B}.Debug|Any CPU.ActiveCfg = Debug|Any CPU
		{940F0C58-5F8B-4D5C-8A1B-747B31B5251B}.Debug|Any CPU.Build.0 = Debug|Any CPU
		{940F0C58-5F8B-4D5C-8A1B-747B31B5251B}.Debug|x64.ActiveCfg = Debug|Any CPU
		{940F0C58-5F8B-4D5C-8A1B-747B31B5251B}.Debug|x64.Build.0 = Debug|Any CPU
		{940F0C58-5F8B-4D5C-8A1B-747B31B5251B}.Debug|x86.ActiveCfg = Debug|Any CPU
		{940F0C58-5F8B-4D5C-8A1B-747B31B5251B}.Debug|x86.Build.0 = Debug|Any CPU
		{940F0C58-5F8B-4D5C-8A1B-747B31B5251B}.Release|Any CPU.ActiveCfg = Release|Any CPU
		{940F0C58-5F8B-4D5C-8A1B-747B31B5251B}.Release|Any CPU.Build.0 = Release|Any CPU
		{940F0C58-5F8B-4D5C-8A1B-747B31B5251B}.Release|x64.ActiveCfg = Release|Any CPU
		{940F0C58-5F8B-4D5C-8A1B-747B31B5251B}.Release|x64.Build.0 = Release|Any CPU
		{940F0C58-5F8B-4D5C-8A1B-747B31B5251B}.Release|x86.ActiveCfg = Release|Any CPU
		{940F0C58-5F8B-4D5C-8A1B-747B31B5251B}.Release|x86.Build.0 = Release|Any CPU
		{75508035-569F-4CB2-B2C0-3116D46AA410}.Debug|Any CPU.ActiveCfg = Debug|Any CPU
		{75508035-569F-4CB2-B2C0-3116D46AA410}.Debug|Any CPU.Build.0 = Debug|Any CPU
		{75508035-569F-4CB2-B2C0-3116D46AA410}.Debug|x64.ActiveCfg = Debug|Any CPU
		{75508035-569F-4CB2-B2C0-3116D46AA410}.Debug|x64.Build.0 = Debug|Any CPU
		{75508035-569F-4CB2-B2C0-3116D46AA410}.Debug|x86.ActiveCfg = Debug|Any CPU
		{75508035-569F-4CB2-B2C0-3116D46AA410}.Debug|x86.Build.0 = Debug|Any CPU
		{75508035-569F-4CB2-B2C0-3116D46AA410}.Release|Any CPU.ActiveCfg = Release|Any CPU
		{75508035-569F-4CB2-B2C0-3116D46AA410}.Release|Any CPU.Build.0 = Release|Any CPU
		{75508035-569F-4CB2-B2C0-3116D46AA410}.Release|x64.ActiveCfg = Release|Any CPU
		{75508035-569F-4CB2-B2C0-3116D46AA410}.Release|x64.Build.0 = Release|Any CPU
		{75508035-569F-4CB2-B2C0-3116D46AA410}.Release|x86.ActiveCfg = Release|Any CPU
		{75508035-569F-4CB2-B2C0-3116D46AA410}.Release|x86.Build.0 = Release|Any CPU
		{3FE058CC-1625-41FC-B35E-27C31D509BC2}.Debug|Any CPU.ActiveCfg = Debug|Any CPU
		{3FE058CC-1625-41FC-B35E-27C31D509BC2}.Debug|Any CPU.Build.0 = Debug|Any CPU
		{3FE058CC-1625-41FC-B35E-27C31D509BC2}.Debug|x64.ActiveCfg = Debug|Any CPU
		{3FE058CC-1625-41FC-B35E-27C31D509BC2}.Debug|x64.Build.0 = Debug|Any CPU
		{3FE058CC-1625-41FC-B35E-27C31D509BC2}.Debug|x86.ActiveCfg = Debug|Any CPU
		{3FE058CC-1625-41FC-B35E-27C31D509BC2}.Debug|x86.Build.0 = Debug|Any CPU
		{3FE058CC-1625-41FC-B35E-27C31D509BC2}.Release|Any CPU.ActiveCfg = Release|Any CPU
		{3FE058CC-1625-41FC-B35E-27C31D509BC2}.Release|Any CPU.Build.0 = Release|Any CPU
		{3FE058CC-1625-41FC-B35E-27C31D509BC2}.Release|x64.ActiveCfg = Release|Any CPU
		{3FE058CC-1625-41FC-B35E-27C31D509BC2}.Release|x64.Build.0 = Release|Any CPU
		{3FE058CC-1625-41FC-B35E-27C31D509BC2}.Release|x86.ActiveCfg = Release|Any CPU
		{3FE058CC-1625-41FC-B35E-27C31D509BC2}.Release|x86.Build.0 = Release|Any CPU
	EndGlobalSection
	GlobalSection(NestedProjects) = preSolution
		{940F0C58-5F8B-4D5C-8A1B-747B31B5251B} = {03709602-FBD7-448A-892F-2B801B19FEFA}
		{75508035-569F-4CB2-B2C0-3116D46AA410} = {E7C57B3E-E6B7-4681-A3D5-AA90BECFC56E}
		{3FE058CC-1625-41FC-B35E-27C31D509BC2} = {E7C57B3E-E6B7-4681-A3D5-AA90BECFC56E}
	EndGlobalSection
EndGlobal
